
Microsoft Visual Studio Solution File, Format Version 12.00
# Visual Studio Version 17
VisualStudioVersion = 17.14.36623.8
MinimumVisualStudioVersion = 10.0.40219.1
Project("{FAE04EC0-301F-11D3-BF4B-00C04F79EFBC}") = "Client.Presentation", "Campus4U\Client.Presentation.csproj", "{36C469E3-F436-45BF-A566-8088BCBAEA15}"
EndProject
Project("{2150E333-8FDC-42A3-9474-1A3956D46DE8}") = "Common", "Common", "{02EA681E-C7D8-13C7-8484-4AC65E1B71E8}"
EndProject
Project("{FAE04EC0-301F-11D3-BF4B-00C04F79EFBC}") = "Contracts", "Contracts\Contracts.csproj", "{4407E7FF-E9AF-4029-B593-5D35755CCD6C}"
EndProject
Project("{2150E333-8FDC-42A3-9474-1A3956D46DE8}") = "Client", "Client", "{B897F16F-781D-4A6A-8CDF-E62CA7B98340}"
EndProject
Project("{FAE04EC0-301F-11D3-BF4B-00C04F79EFBC}") = "Client.Data", "Data\Client.Data.csproj", "{E9E676B9-BC2A-4F1A-B799-9D8CC42E53C6}"
EndProject
Project("{FAE04EC0-301F-11D3-BF4B-00C04F79EFBC}") = "Client.Domain", "Domain\Client.Domain.csproj", "{D8A990F8-4C5C-4376-BD26-4F2A0CE2B6DC}"
EndProject
Project("{FAE04EC0-301F-11D3-BF4B-00C04F79EFBC}") = "Client.Application", "Application\Client.Application.csproj", "{B85E285A-B064-45A7-8C92-D3957889C443}"
EndProject
Project("{2150E333-8FDC-42A3-9474-1A3956D46DE8}") = "Server", "Server", "{EBA8FEB6-032F-4829-B88A-5BFCD9484809}"
EndProject
Project("{FAE04EC0-301F-11D3-BF4B-00C04F79EFBC}") = "Server.Data", "Server.Data\Server.Data.csproj", "{441E8C59-9DA9-45DE-BD70-B5CBABB4462D}"
EndProject
Project("{FAE04EC0-301F-11D3-BF4B-00C04F79EFBC}") = "Server.Domain", "Server.Domain\Server.Domain.csproj", "{B41D658A-D27F-4249-BFC9-670B64000D0B}"
EndProject
Project("{FAE04EC0-301F-11D3-BF4B-00C04F79EFBC}") = "Api", "Api\Api.csproj", "{DDFD6DE9-50A7-4538-A9B7-4AD035AC55F5}"
EndProject
Project("{FAE04EC0-301F-11D3-BF4B-00C04F79EFBC}") = "Server.Application", "Server.Application\Server.Application.csproj", "{9AD898A9-9E04-4798-AB6A-CDD82C8DE977}"
EndProject
Project("{2150E333-8FDC-42A3-9474-1A3956D46DE8}") = "Solution Items", "Solution Items", "{3563B691-9155-4C45-8382-577831DC340E}"
	ProjectSection(SolutionItems) = preProject
		compose.yaml = compose.yaml
	EndProjectSection
EndProject
Global
	GlobalSection(SolutionConfigurationPlatforms) = preSolution
		Debug|Any CPU = Debug|Any CPU
		Release|Any CPU = Release|Any CPU
	EndGlobalSection
	GlobalSection(ProjectConfigurationPlatforms) = postSolution
		{36C469E3-F436-45BF-A566-8088BCBAEA15}.Debug|Any CPU.ActiveCfg = Debug|Any CPU
		{36C469E3-F436-45BF-A566-8088BCBAEA15}.Debug|Any CPU.Build.0 = Debug|Any CPU
		{36C469E3-F436-45BF-A566-8088BCBAEA15}.Release|Any CPU.ActiveCfg = Release|Any CPU
		{36C469E3-F436-45BF-A566-8088BCBAEA15}.Release|Any CPU.Build.0 = Release|Any CPU
		{4407E7FF-E9AF-4029-B593-5D35755CCD6C}.Debug|Any CPU.ActiveCfg = Debug|Any CPU
		{4407E7FF-E9AF-4029-B593-5D35755CCD6C}.Debug|Any CPU.Build.0 = Debug|Any CPU
		{4407E7FF-E9AF-4029-B593-5D35755CCD6C}.Release|Any CPU.ActiveCfg = Release|Any CPU
		{4407E7FF-E9AF-4029-B593-5D35755CCD6C}.Release|Any CPU.Build.0 = Release|Any CPU
		{E9E676B9-BC2A-4F1A-B799-9D8CC42E53C6}.Debug|Any CPU.ActiveCfg = Debug|Any CPU
		{E9E676B9-BC2A-4F1A-B799-9D8CC42E53C6}.Debug|Any CPU.Build.0 = Debug|Any CPU
		{E9E676B9-BC2A-4F1A-B799-9D8CC42E53C6}.Release|Any CPU.ActiveCfg = Release|Any CPU
		{E9E676B9-BC2A-4F1A-B799-9D8CC42E53C6}.Release|Any CPU.Build.0 = Release|Any CPU
		{D8A990F8-4C5C-4376-BD26-4F2A0CE2B6DC}.Debug|Any CPU.ActiveCfg = Debug|Any CPU
		{D8A990F8-4C5C-4376-BD26-4F2A0CE2B6DC}.Debug|Any CPU.Build.0 = Debug|Any CPU
		{D8A990F8-4C5C-4376-BD26-4F2A0CE2B6DC}.Release|Any CPU.ActiveCfg = Release|Any CPU
		{D8A990F8-4C5C-4376-BD26-4F2A0CE2B6DC}.Release|Any CPU.Build.0 = Release|Any CPU
		{B85E285A-B064-45A7-8C92-D3957889C443}.Debug|Any CPU.ActiveCfg = Debug|Any CPU
		{B85E285A-B064-45A7-8C92-D3957889C443}.Debug|Any CPU.Build.0 = Debug|Any CPU
		{B85E285A-B064-45A7-8C92-D3957889C443}.Release|Any CPU.ActiveCfg = Release|Any CPU
		{B85E285A-B064-45A7-8C92-D3957889C443}.Release|Any CPU.Build.0 = Release|Any CPU
		{441E8C59-9DA9-45DE-BD70-B5CBABB4462D}.Debug|Any CPU.ActiveCfg = Debug|Any CPU
		{441E8C59-9DA9-45DE-BD70-B5CBABB4462D}.Debug|Any CPU.Build.0 = Debug|Any CPU
		{441E8C59-9DA9-45DE-BD70-B5CBABB4462D}.Release|Any CPU.ActiveCfg = Release|Any CPU
		{441E8C59-9DA9-45DE-BD70-B5CBABB4462D}.Release|Any CPU.Build.0 = Release|Any CPU
		{B41D658A-D27F-4249-BFC9-670B64000D0B}.Debug|Any CPU.ActiveCfg = Debug|Any CPU
		{B41D658A-D27F-4249-BFC9-670B64000D0B}.Debug|Any CPU.Build.0 = Debug|Any CPU
		{B41D658A-D27F-4249-BFC9-670B64000D0B}.Release|Any CPU.ActiveCfg = Release|Any CPU
		{B41D658A-D27F-4249-BFC9-670B64000D0B}.Release|Any CPU.Build.0 = Release|Any CPU
		{DDFD6DE9-50A7-4538-A9B7-4AD035AC55F5}.Debug|Any CPU.ActiveCfg = Debug|Any CPU
		{DDFD6DE9-50A7-4538-A9B7-4AD035AC55F5}.Debug|Any CPU.Build.0 = Debug|Any CPU
		{DDFD6DE9-50A7-4538-A9B7-4AD035AC55F5}.Release|Any CPU.ActiveCfg = Release|Any CPU
		{DDFD6DE9-50A7-4538-A9B7-4AD035AC55F5}.Release|Any CPU.Build.0 = Release|Any CPU
		{9AD898A9-9E04-4798-AB6A-CDD82C8DE977}.Debug|Any CPU.ActiveCfg = Debug|Any CPU
		{9AD898A9-9E04-4798-AB6A-CDD82C8DE977}.Debug|Any CPU.Build.0 = Debug|Any CPU
		{9AD898A9-9E04-4798-AB6A-CDD82C8DE977}.Release|Any CPU.ActiveCfg = Release|Any CPU
		{9AD898A9-9E04-4798-AB6A-CDD82C8DE977}.Release|Any CPU.Build.0 = Release|Any CPU
	EndGlobalSection
	GlobalSection(SolutionProperties) = preSolution
		HideSolutionNode = FALSE
	EndGlobalSection
	GlobalSection(NestedProjects) = preSolution
		{36C469E3-F436-45BF-A566-8088BCBAEA15} = {B897F16F-781D-4A6A-8CDF-E62CA7B98340}
		{4407E7FF-E9AF-4029-B593-5D35755CCD6C} = {02EA681E-C7D8-13C7-8484-4AC65E1B71E8}
		{E9E676B9-BC2A-4F1A-B799-9D8CC42E53C6} = {B897F16F-781D-4A6A-8CDF-E62CA7B98340}
		{D8A990F8-4C5C-4376-BD26-4F2A0CE2B6DC} = {B897F16F-781D-4A6A-8CDF-E62CA7B98340}
		{B85E285A-B064-45A7-8C92-D3957889C443} = {B897F16F-781D-4A6A-8CDF-E62CA7B98340}
		{441E8C59-9DA9-45DE-BD70-B5CBABB4462D} = {EBA8FEB6-032F-4829-B88A-5BFCD9484809}
		{B41D658A-D27F-4249-BFC9-670B64000D0B} = {EBA8FEB6-032F-4829-B88A-5BFCD9484809}
		{DDFD6DE9-50A7-4538-A9B7-4AD035AC55F5} = {EBA8FEB6-032F-4829-B88A-5BFCD9484809}
		{9AD898A9-9E04-4798-AB6A-CDD82C8DE977} = {EBA8FEB6-032F-4829-B88A-5BFCD9484809}
	EndGlobalSection
	GlobalSection(ExtensibilityGlobals) = postSolution
		SolutionGuid = {58A27F5E-2139-4E94-8FFE-0657718E5411}
	EndGlobalSection
EndGlobal
